// !$*UTF8*$!
{
	archiveVersion = 1;
	classes = {
	};
	objectVersion = 48;
	objects = {

/* Begin PBXBuildFile section */
		112B6B391FCE51FE003A5D59 /* AppDelegate.swift in Sources */ = {isa = PBXBuildFile; fileRef = 112B6B381FCE51FE003A5D59 /* AppDelegate.swift */; };
		112B6B3B1FCE51FE003A5D59 /* ViewController.swift in Sources */ = {isa = PBXBuildFile; fileRef = 112B6B3A1FCE51FE003A5D59 /* ViewController.swift */; };
		112B6B3E1FCE51FE003A5D59 /* Main.storyboard in Resources */ = {isa = PBXBuildFile; fileRef = 112B6B3C1FCE51FE003A5D59 /* Main.storyboard */; };
		112B6B401FCE51FE003A5D59 /* Assets.xcassets in Resources */ = {isa = PBXBuildFile; fileRef = 112B6B3F1FCE51FE003A5D59 /* Assets.xcassets */; };
		112B6B431FCE51FE003A5D59 /* LaunchScreen.storyboard in Resources */ = {isa = PBXBuildFile; fileRef = 112B6B411FCE51FE003A5D59 /* LaunchScreen.storyboard */; };
		112B6B4C1FCE52D6003A5D59 /* MenuView.swift in Sources */ = {isa = PBXBuildFile; fileRef = 112B6B4B1FCE52D6003A5D59 /* MenuView.swift */; };
		115587631FCE9BA900345C42 /* Message.swift in Sources */ = {isa = PBXBuildFile; fileRef = 115587621FCE9BA900345C42 /* Message.swift */; };
		115587651FCE9F2500345C42 /* ChatTableView.swift in Sources */ = {isa = PBXBuildFile; fileRef = 115587641FCE9F2500345C42 /* ChatTableView.swift */; };
		115587671FCEA39900345C42 /* BaseTableViewCell.swift in Sources */ = {isa = PBXBuildFile; fileRef = 115587661FCEA39900345C42 /* BaseTableViewCell.swift */; };
		115587691FCEA87100345C42 /* Config.swift in Sources */ = {isa = PBXBuildFile; fileRef = 115587681FCEA87100345C42 /* Config.swift */; };
		1155876B1FCEAFCD00345C42 /* TextTableViewCell.swift in Sources */ = {isa = PBXBuildFile; fileRef = 1155876A1FCEAFCD00345C42 /* TextTableViewCell.swift */; };
		1155876D1FCEB70100345C42 /* ChateController.swift in Sources */ = {isa = PBXBuildFile; fileRef = 1155876C1FCEB70100345C42 /* ChateController.swift */; };
		115587711FCEBD3C00345C42 /* SnapKit.framework in Frameworks */ = {isa = PBXBuildFile; fileRef = 1155876F1FCEBD3100345C42 /* SnapKit.framework */; };
		115587721FCEBD3C00345C42 /* SnapKit.framework in Embed Frameworks */ = {isa = PBXBuildFile; fileRef = 1155876F1FCEBD3100345C42 /* SnapKit.framework */; settings = {ATTRIBUTES = (CodeSignOnCopy, RemoveHeadersOnCopy, ); }; };
		115587751FCECAD400345C42 /* UIButton+Extension.swift in Sources */ = {isa = PBXBuildFile; fileRef = 115587741FCECAD400345C42 /* UIButton+Extension.swift */; };
		11E13F5C2181F6E500EF3098 /* UIImage+Asset.swift in Sources */ = {isa = PBXBuildFile; fileRef = 11E13F5B2181F6E500EF3098 /* UIImage+Asset.swift */; };
/* End PBXBuildFile section */

/* Begin PBXCopyFilesBuildPhase section */
		115587731FCEBD3C00345C42 /* Embed Frameworks */ = {
			isa = PBXCopyFilesBuildPhase;
			buildActionMask = 2147483647;
			dstPath = "";
			dstSubfolderSpec = 10;
			files = (
				115587721FCEBD3C00345C42 /* SnapKit.framework in Embed Frameworks */,
			);
			name = "Embed Frameworks";
			runOnlyForDeploymentPostprocessing = 0;
		};
/* End PBXCopyFilesBuildPhase section */

/* Begin PBXFileReference section */
		112B6B351FCE51FE003A5D59 /* MenuControllerDemo.app */ = {isa = PBXFileReference; explicitFileType = wrapper.application; includeInIndex = 0; path = MenuControllerDemo.app; sourceTree = BUILT_PRODUCTS_DIR; };
		112B6B381FCE51FE003A5D59 /* AppDelegate.swift */ = {isa = PBXFileReference; lastKnownFileType = sourcecode.swift; path = AppDelegate.swift; sourceTree = "<group>"; };
		112B6B3A1FCE51FE003A5D59 /* ViewController.swift */ = {isa = PBXFileReference; lastKnownFileType = sourcecode.swift; path = ViewController.swift; sourceTree = "<group>"; };
		112B6B3D1FCE51FE003A5D59 /* Base */ = {isa = PBXFileReference; lastKnownFileType = file.storyboard; name = Base; path = Base.lproj/Main.storyboard; sourceTree = "<group>"; };
		112B6B3F1FCE51FE003A5D59 /* Assets.xcassets */ = {isa = PBXFileReference; lastKnownFileType = folder.assetcatalog; path = Assets.xcassets; sourceTree = "<group>"; };
		112B6B421FCE51FE003A5D59 /* Base */ = {isa = PBXFileReference; lastKnownFileType = file.storyboard; name = Base; path = Base.lproj/LaunchScreen.storyboard; sourceTree = "<group>"; };
		112B6B441FCE51FE003A5D59 /* Info.plist */ = {isa = PBXFileReference; lastKnownFileType = text.plist.xml; path = Info.plist; sourceTree = "<group>"; };
		112B6B4B1FCE52D6003A5D59 /* MenuView.swift */ = {isa = PBXFileReference; lastKnownFileType = sourcecode.swift; path = MenuView.swift; sourceTree = "<group>"; };
		115587621FCE9BA900345C42 /* Message.swift */ = {isa = PBXFileReference; lastKnownFileType = sourcecode.swift; path = Message.swift; sourceTree = "<group>"; };
		115587641FCE9F2500345C42 /* ChatTableView.swift */ = {isa = PBXFileReference; lastKnownFileType = sourcecode.swift; path = ChatTableView.swift; sourceTree = "<group>"; };
		115587661FCEA39900345C42 /* BaseTableViewCell.swift */ = {isa = PBXFileReference; lastKnownFileType = sourcecode.swift; path = BaseTableViewCell.swift; sourceTree = "<group>"; };
		115587681FCEA87100345C42 /* Config.swift */ = {isa = PBXFileReference; lastKnownFileType = sourcecode.swift; path = Config.swift; sourceTree = "<group>"; };
		1155876A1FCEAFCD00345C42 /* TextTableViewCell.swift */ = {isa = PBXFileReference; lastKnownFileType = sourcecode.swift; path = TextTableViewCell.swift; sourceTree = "<group>"; };
		1155876C1FCEB70100345C42 /* ChateController.swift */ = {isa = PBXFileReference; lastKnownFileType = sourcecode.swift; path = ChateController.swift; sourceTree = "<group>"; };
		1155876F1FCEBD3100345C42 /* SnapKit.framework */ = {isa = PBXFileReference; lastKnownFileType = wrapper.framework; name = SnapKit.framework; path = Carthage/Build/iOS/SnapKit.framework; sourceTree = "<group>"; };
		115587741FCECAD400345C42 /* UIButton+Extension.swift */ = {isa = PBXFileReference; lastKnownFileType = sourcecode.swift; path = "UIButton+Extension.swift"; sourceTree = "<group>"; };
		11E13F5B2181F6E500EF3098 /* UIImage+Asset.swift */ = {isa = PBXFileReference; fileEncoding = 4; lastKnownFileType = sourcecode.swift; path = "UIImage+Asset.swift"; sourceTree = "<group>"; };
/* End PBXFileReference section */

/* Begin PBXFrameworksBuildPhase section */
		112B6B321FCE51FE003A5D59 /* Frameworks */ = {
			isa = PBXFrameworksBuildPhase;
			buildActionMask = 2147483647;
			files = (
				115587711FCEBD3C00345C42 /* SnapKit.framework in Frameworks */,
			);
			runOnlyForDeploymentPostprocessing = 0;
		};
/* End PBXFrameworksBuildPhase section */

/* Begin PBXGroup section */
		112B6B2C1FCE51FE003A5D59 = {
			isa = PBXGroup;
			children = (
				112B6B371FCE51FE003A5D59 /* MenuControllerDemo */,
				112B6B361FCE51FE003A5D59 /* Products */,
				1155876E1FCEBD3100345C42 /* Frameworks */,
			);
			sourceTree = "<group>";
		};
		112B6B361FCE51FE003A5D59 /* Products */ = {
			isa = PBXGroup;
			children = (
				112B6B351FCE51FE003A5D59 /* MenuControllerDemo.app */,
			);
			name = Products;
			sourceTree = "<group>";
		};
		112B6B371FCE51FE003A5D59 /* MenuControllerDemo */ = {
			isa = PBXGroup;
			children = (
				112B6B4A1FCE5285003A5D59 /* Custom */,
				112B6B381FCE51FE003A5D59 /* AppDelegate.swift */,
				112B6B3A1FCE51FE003A5D59 /* ViewController.swift */,
				115587621FCE9BA900345C42 /* Message.swift */,
				115587641FCE9F2500345C42 /* ChatTableView.swift */,
				115587661FCEA39900345C42 /* BaseTableViewCell.swift */,
				1155876A1FCEAFCD00345C42 /* TextTableViewCell.swift */,
				1155876C1FCEB70100345C42 /* ChateController.swift */,
				112B6B3C1FCE51FE003A5D59 /* Main.storyboard */,
				112B6B3F1FCE51FE003A5D59 /* Assets.xcassets */,
				11E13F5B2181F6E500EF3098 /* UIImage+Asset.swift */,
				112B6B411FCE51FE003A5D59 /* LaunchScreen.storyboard */,
				112B6B441FCE51FE003A5D59 /* Info.plist */,
			);
			path = MenuControllerDemo;
			sourceTree = "<group>";
		};
		112B6B4A1FCE5285003A5D59 /* Custom */ = {
			isa = PBXGroup;
			children = (
				112B6B4B1FCE52D6003A5D59 /* MenuView.swift */,
				115587681FCEA87100345C42 /* Config.swift */,
				115587741FCECAD400345C42 /* UIButton+Extension.swift */,
			);
			path = Custom;
			sourceTree = "<group>";
		};
		1155876E1FCEBD3100345C42 /* Frameworks */ = {
			isa = PBXGroup;
			children = (
				1155876F1FCEBD3100345C42 /* SnapKit.framework */,
			);
			name = Frameworks;
			sourceTree = "<group>";
		};
/* End PBXGroup section */

/* Begin PBXNativeTarget section */
		112B6B341FCE51FE003A5D59 /* MenuControllerDemo */ = {
			isa = PBXNativeTarget;
			buildConfigurationList = 112B6B471FCE51FE003A5D59 /* Build configuration list for PBXNativeTarget "MenuControllerDemo" */;
			buildPhases = (
				112B6B311FCE51FE003A5D59 /* Sources */,
				112B6B321FCE51FE003A5D59 /* Frameworks */,
				112B6B331FCE51FE003A5D59 /* Resources */,
				115587731FCEBD3C00345C42 /* Embed Frameworks */,
			);
			buildRules = (
			);
			dependencies = (
			);
			name = MenuControllerDemo;
			productName = MenuControllerDemo;
			productReference = 112B6B351FCE51FE003A5D59 /* MenuControllerDemo.app */;
			productType = "com.apple.product-type.application";
		};
/* End PBXNativeTarget section */

/* Begin PBXProject section */
		112B6B2D1FCE51FE003A5D59 /* Project object */ = {
			isa = PBXProject;
			attributes = {
				LastSwiftUpdateCheck = 0910;
				LastUpgradeCheck = 0910;
				ORGANIZATIONNAME = shangZhu;
				TargetAttributes = {
					112B6B341FCE51FE003A5D59 = {
						CreatedOnToolsVersion = 9.1;
						ProvisioningStyle = Automatic;
					};
				};
			};
			buildConfigurationList = 112B6B301FCE51FE003A5D59 /* Build configuration list for PBXProject "MenuControllerDemo" */;
			compatibilityVersion = "Xcode 8.0";
			developmentRegion = en;
			hasScannedForEncodings = 0;
			knownRegions = (
				en,
				Base,
			);
			mainGroup = 112B6B2C1FCE51FE003A5D59;
			productRefGroup = 112B6B361FCE51FE003A5D59 /* Products */;
			projectDirPath = "";
			projectRoot = "";
			targets = (
				112B6B341FCE51FE003A5D59 /* MenuControllerDemo */,
			);
		};
/* End PBXProject section */

/* Begin PBXResourcesBuildPhase section */
		112B6B331FCE51FE003A5D59 /* Resources */ = {
			isa = PBXResourcesBuildPhase;
			buildActionMask = 2147483647;
			files = (
				112B6B431FCE51FE003A5D59 /* LaunchScreen.storyboard in Resources */,
				112B6B401FCE51FE003A5D59 /* Assets.xcassets in Resources */,
				112B6B3E1FCE51FE003A5D59 /* Main.storyboard in Resources */,
			);
			runOnlyForDeploymentPostprocessing = 0;
		};
/* End PBXResourcesBuildPhase section */

/* Begin PBXSourcesBuildPhase section */
		112B6B311FCE51FE003A5D59 /* Sources */ = {
			isa = PBXSourcesBuildPhase;
			buildActionMask = 2147483647;
			files = (
				1155876B1FCEAFCD00345C42 /* TextTableViewCell.swift in Sources */,
				11E13F5C2181F6E500EF3098 /* UIImage+Asset.swift in Sources */,
				1155876D1FCEB70100345C42 /* ChateController.swift in Sources */,
				115587751FCECAD400345C42 /* UIButton+Extension.swift in Sources */,
				112B6B3B1FCE51FE003A5D59 /* ViewController.swift in Sources */,
				115587631FCE9BA900345C42 /* Message.swift in Sources */,
				115587651FCE9F2500345C42 /* ChatTableView.swift in Sources */,
				115587671FCEA39900345C42 /* BaseTableViewCell.swift in Sources */,
				115587691FCEA87100345C42 /* Config.swift in Sources */,
				112B6B4C1FCE52D6003A5D59 /* MenuView.swift in Sources */,
				112B6B391FCE51FE003A5D59 /* AppDelegate.swift in Sources */,
			);
			runOnlyForDeploymentPostprocessing = 0;
		};
/* End PBXSourcesBuildPhase section */

/* Begin PBXVariantGroup section */
		112B6B3C1FCE51FE003A5D59 /* Main.storyboard */ = {
			isa = PBXVariantGroup;
			children = (
				112B6B3D1FCE51FE003A5D59 /* Base */,
			);
			name = Main.storyboard;
			sourceTree = "<group>";
		};
		112B6B411FCE51FE003A5D59 /* LaunchScreen.storyboard */ = {
			isa = PBXVariantGroup;
			children = (
				112B6B421FCE51FE003A5D59 /* Base */,
			);
			name = LaunchScreen.storyboard;
			sourceTree = "<group>";
		};
/* End PBXVariantGroup section */

/* Begin XCBuildConfiguration section */
		112B6B451FCE51FE003A5D59 /* Debug */ = {
			isa = XCBuildConfiguration;
			buildSettings = {
				ALWAYS_SEARCH_USER_PATHS = NO;
				CLANG_ANALYZER_NONNULL = YES;
				CLANG_ANALYZER_NUMBER_OBJECT_CONVERSION = YES_AGGRESSIVE;
				CLANG_CXX_LANGUAGE_STANDARD = "gnu++14";
				CLANG_CXX_LIBRARY = "libc++";
				CLANG_ENABLE_MODULES = YES;
				CLANG_ENABLE_OBJC_ARC = YES;
				CLANG_WARN_BLOCK_CAPTURE_AUTORELEASING = YES;
				CLANG_WARN_BOOL_CONVERSION = YES;
				CLANG_WARN_COMMA = YES;
				CLANG_WARN_CONSTANT_CONVERSION = YES;
				CLANG_WARN_DIRECT_OBJC_ISA_USAGE = YES_ERROR;
				CLANG_WARN_DOCUMENTATION_COMMENTS = YES;
				CLANG_WARN_EMPTY_BODY = YES;
				CLANG_WARN_ENUM_CONVERSION = YES;
				CLANG_WARN_INFINITE_RECURSION = YES;
				CLANG_WARN_INT_CONVERSION = YES;
				CLANG_WARN_NON_LITERAL_NULL_CONVERSION = YES;
				CLANG_WARN_OBJC_LITERAL_CONVERSION = YES;
				CLANG_WARN_OBJC_ROOT_CLASS = YES_ERROR;
				CLANG_WARN_RANGE_LOOP_ANALYSIS = YES;
				CLANG_WARN_STRICT_PROTOTYPES = YES;
				CLANG_WARN_SUSPICIOUS_MOVE = YES;
				CLANG_WARN_UNGUARDED_AVAILABILITY = YES_AGGRESSIVE;
				CLANG_WARN_UNREACHABLE_CODE = YES;
				CLANG_WARN__DUPLICATE_METHOD_MATCH = YES;
				CODE_SIGN_IDENTITY = "iPhone Developer";
				COPY_PHASE_STRIP = NO;
				DEBUG_INFORMATION_FORMAT = dwarf;
				ENABLE_STRICT_OBJC_MSGSEND = YES;
				ENABLE_TESTABILITY = YES;
				GCC_C_LANGUAGE_STANDARD = gnu11;
				GCC_DYNAMIC_NO_PIC = NO;
				GCC_NO_COMMON_BLOCKS = YES;
				GCC_OPTIMIZATION_LEVEL = 0;
				GCC_PREPROCESSOR_DEFINITIONS = (
					"DEBUG=1",
					"$(inherited)",
				);
				GCC_WARN_64_TO_32_BIT_CONVERSION = YES;
				GCC_WARN_ABOUT_RETURN_TYPE = YES_ERROR;
				GCC_WARN_UNDECLARED_SELECTOR = YES;
				GCC_WARN_UNINITIALIZED_AUTOS = YES_AGGRESSIVE;
				GCC_WARN_UNUSED_FUNCTION = YES;
				GCC_WARN_UNUSED_VARIABLE = YES;
				IPHONEOS_DEPLOYMENT_TARGET = 11.1;
				MTL_ENABLE_DEBUG_INFO = YES;
				ONLY_ACTIVE_ARCH = YES;
				SDKROOT = iphoneos;
				SWIFT_ACTIVE_COMPILATION_CONDITIONS = DEBUG;
				SWIFT_OPTIMIZATION_LEVEL = "-Onone";
			};
			name = Debug;
		};
		112B6B461FCE51FE003A5D59 /* Release */ = {
			isa = XCBuildConfiguration;
			buildSettings = {
				ALWAYS_SEARCH_USER_PATHS = NO;
				CLANG_ANALYZER_NONNULL = YES;
				CLANG_ANALYZER_NUMBER_OBJECT_CONVERSION = YES_AGGRESSIVE;
				CLANG_CXX_LANGUAGE_STANDARD = "gnu++14";
				CLANG_CXX_LIBRARY = "libc++";
				CLANG_ENABLE_MODULES = YES;
				CLANG_ENABLE_OBJC_ARC = YES;
				CLANG_WARN_BLOCK_CAPTURE_AUTORELEASING = YES;
				CLANG_WARN_BOOL_CONVERSION = YES;
				CLANG_WARN_COMMA = YES;
				CLANG_WARN_CONSTANT_CONVERSION = YES;
				CLANG_WARN_DIRECT_OBJC_ISA_USAGE = YES_ERROR;
				CLANG_WARN_DOCUMENTATION_COMMENTS = YES;
				CLANG_WARN_EMPTY_BODY = YES;
				CLANG_WARN_ENUM_CONVERSION = YES;
				CLANG_WARN_INFINITE_RECURSION = YES;
				CLANG_WARN_INT_CONVERSION = YES;
				CLANG_WARN_NON_LITERAL_NULL_CONVERSION = YES;
				CLANG_WARN_OBJC_LITERAL_CONVERSION = YES;
				CLANG_WARN_OBJC_ROOT_CLASS = YES_ERROR;
				CLANG_WARN_RANGE_LOOP_ANALYSIS = YES;
				CLANG_WARN_STRICT_PROTOTYPES = YES;
				CLANG_WARN_SUSPICIOUS_MOVE = YES;
				CLANG_WARN_UNGUARDED_AVAILABILITY = YES_AGGRESSIVE;
				CLANG_WARN_UNREACHABLE_CODE = YES;
				CLANG_WARN__DUPLICATE_METHOD_MATCH = YES;
				CODE_SIGN_IDENTITY = "iPhone Developer";
				COPY_PHASE_STRIP = NO;
				DEBUG_INFORMATION_FORMAT = "dwarf-with-dsym";
				ENABLE_NS_ASSERTIONS = NO;
				ENABLE_STRICT_OBJC_MSGSEND = YES;
				GCC_C_LANGUAGE_STANDARD = gnu11;
				GCC_NO_COMMON_BLOCKS = YES;
				GCC_WARN_64_TO_32_BIT_CONVERSION = YES;
				GCC_WARN_ABOUT_RETURN_TYPE = YES_ERROR;
				GCC_WARN_UNDECLARED_SELECTOR = YES;
				GCC_WARN_UNINITIALIZED_AUTOS = YES_AGGRESSIVE;
				GCC_WARN_UNUSED_FUNCTION = YES;
				GCC_WARN_UNUSED_VARIABLE = YES;
				IPHONEOS_DEPLOYMENT_TARGET = 11.1;
				MTL_ENABLE_DEBUG_INFO = NO;
				SDKROOT = iphoneos;
				SWIFT_OPTIMIZATION_LEVEL = "-Owholemodule";
				VALIDATE_PRODUCT = YES;
			};
			name = Release;
		};
		112B6B481FCE51FE003A5D59 /* Debug */ = {
			isa = XCBuildConfiguration;
			buildSettings = {
				ALWAYS_EMBED_SWIFT_STANDARD_LIBRARIES = YES;
				ASSETCATALOG_COMPILER_APPICON_NAME = AppIcon;
				CODE_SIGN_STYLE = Automatic;
				DEVELOPMENT_TEAM = 45S7UXYXC7;
				FRAMEWORK_SEARCH_PATHS = (
					"$(inherited)",
					"$(PROJECT_DIR)/Carthage/Build/iOS",
				);
				INFOPLIST_FILE = MenuControllerDemo/Info.plist;
				IPHONEOS_DEPLOYMENT_TARGET = 9.0;
				LD_RUNPATH_SEARCH_PATHS = "$(inherited) @executable_path/Frameworks";
				PRODUCT_BUNDLE_IDENTIFIER = com.shangzhu.MenuControllerDemo;
				PRODUCT_NAME = "$(TARGET_NAME)";
				SWIFT_VERSION = 4.0;
				TARGETED_DEVICE_FAMILY = "1,2";
			};
			name = Debug;
		};
		112B6B491FCE51FE003A5D59 /* Release */ = {
			isa = XCBuildConfiguration;
			buildSettings = {
				ALWAYS_EMBED_SWIFT_STANDARD_LIBRARIES = YES;
				ASSETCATALOG_COMPILER_APPICON_NAME = AppIcon;
				CODE_SIGN_STYLE = Automatic;
				DEVELOPMENT_TEAM = 45S7UXYXC7;
				FRAMEWORK_SEARCH_PATHS = (
					"$(inherited)",
					"$(PROJECT_DIR)/Carthage/Build/iOS",
				);
				INFOPLIST_FILE = MenuControllerDemo/Info.plist;
				IPHONEOS_DEPLOYMENT_TARGET = 9.0;
				LD_RUNPATH_SEARCH_PATHS = "$(inherited) @executable_path/Frameworks";
				PRODUCT_BUNDLE_IDENTIFIER = com.shangzhu.MenuControllerDemo;
				PRODUCT_NAME = "$(TARGET_NAME)";
				SWIFT_VERSION = 4.0;
				TARGETED_DEVICE_FAMILY = "1,2";
			};
			name = Release;
		};
/* End XCBuildConfiguration section */

/* Begin XCConfigurationList section */
		112B6B301FCE51FE003A5D59 /* Build configuration list for PBXProject "MenuControllerDemo" */ = {
			isa = XCConfigurationList;
			buildConfigurations = (
				112B6B451FCE51FE003A5D59 /* Debug */,
				112B6B461FCE51FE003A5D59 /* Release */,
			);
			defaultConfigurationIsVisible = 0;
			defaultConfigurationName = Release;
		};
		112B6B471FCE51FE003A5D59 /* Build configuration list for PBXNativeTarget "MenuControllerDemo" */ = {
			isa = XCConfigurationList;
			buildConfigurations = (
				112B6B481FCE51FE003A5D59 /* Debug */,
				112B6B491FCE51FE003A5D59 /* Release */,
			);
			defaultConfigurationIsVisible = 0;
			defaultConfigurationName = Release;
		};
/* End XCConfigurationList section */
	};
	rootObject = 112B6B2D1FCE51FE003A5D59 /* Project object */;
}
